
Microsoft Visual Studio Solution File, Format Version 12.00
# Visual Studio 15
VisualStudioVersion = 15.0.26730.12
MinimumVisualStudioVersion = 10.0.40219.1
Project("{E24C65DC-7377-472B-9ABA-BC803B73C61A}") = "Development", ".", "{848F448A-56BD-4B76-91D6-AD6D807D52B1}"
	ProjectSection(WebsiteProperties) = preProject
		TargetFrameworkMoniker = ".NETFramework,Version%3Dv4.0"
		Debug.AspNetCompiler.VirtualPath = "/localhost_56486"
		Debug.AspNetCompiler.PhysicalPath = "..\Development\"
		Debug.AspNetCompiler.TargetPath = "PrecompiledWeb\localhost_56486\"
		Debug.AspNetCompiler.Updateable = "true"
		Debug.AspNetCompiler.ForceOverwrite = "true"
		Debug.AspNetCompiler.FixedNames = "false"
		Debug.AspNetCompiler.Debug = "True"
		Release.AspNetCompiler.VirtualPath = "/localhost_56486"
		Release.AspNetCompiler.PhysicalPath = "..\Development\"
		Release.AspNetCompiler.TargetPath = "PrecompiledWeb\localhost_56486\"
		Release.AspNetCompiler.Updateable = "true"
		Release.AspNetCompiler.ForceOverwrite = "true"
		Release.AspNetCompiler.FixedNames = "false"
		Release.AspNetCompiler.Debug = "False"
		VWDPort = "56486"
		SlnRelativePath = "..\Development\"
	EndProjectSection
EndProject
Global
	GlobalSection(SolutionConfigurationPlatforms) = preSolution
		Debug|Any CPU = Debug|Any CPU
	EndGlobalSection
	GlobalSection(ProjectConfigurationPlatforms) = postSolution
		{848F448A-56BD-4B76-91D6-AD6D807D52B1}.Debug|Any CPU.ActiveCfg = Debug|Any CPU
		{848F448A-56BD-4B76-91D6-AD6D807D52B1}.Debug|Any CPU.Build.0 = Debug|Any CPU
	EndGlobalSection
	GlobalSection(SolutionProperties) = preSolution
		HideSolutionNode = FALSE
	EndGlobalSection
	GlobalSection(ExtensibilityGlobals) = postSolution
		SolutionGuid = {6D5B537A-A5E2-4A37-8291-4755203FF012}
	EndGlobalSection
EndGlobal
