
Microsoft Visual Studio Solution File, Format Version 12.00
# Visual Studio 15
VisualStudioVersion = 15.0.26730.12
MinimumVisualStudioVersion = 10.0.40219.1
Project("{E24C65DC-7377-472B-9ABA-BC803B73C61A}") = "demo02", ".", "{D1EDDE0B-7CBC-482E-BD27-5C3291B2FF9F}"
	ProjectSection(WebsiteProperties) = preProject
		TargetFrameworkMoniker = ".NETFramework,Version%3Dv4.0"
		Debug.AspNetCompiler.VirtualPath = "/localhost_56118"
		Debug.AspNetCompiler.PhysicalPath = "D:\YanEr_Studio_Workspace\Github\JQ_Carousel\Demo\demo02\"
		Debug.AspNetCompiler.TargetPath = "PrecompiledWeb\localhost_56118\"
		Debug.AspNetCompiler.Updateable = "true"
		Debug.AspNetCompiler.ForceOverwrite = "true"
		Debug.AspNetCompiler.FixedNames = "false"
		Debug.AspNetCompiler.Debug = "True"
		Release.AspNetCompiler.VirtualPath = "/localhost_56118"
		Release.AspNetCompiler.PhysicalPath = "D:\YanEr_Studio_Workspace\Github\JQ_Carousel\Demo\demo02\"
		Release.AspNetCompiler.TargetPath = "PrecompiledWeb\localhost_56118\"
		Release.AspNetCompiler.Updateable = "true"
		Release.AspNetCompiler.ForceOverwrite = "true"
		Release.AspNetCompiler.FixedNames = "false"
		Release.AspNetCompiler.Debug = "False"
		VWDPort = "56118"
	EndProjectSection
EndProject
Global
	GlobalSection(SolutionConfigurationPlatforms) = preSolution
		Debug|Any CPU = Debug|Any CPU
	EndGlobalSection
	GlobalSection(ProjectConfigurationPlatforms) = postSolution
		{D1EDDE0B-7CBC-482E-BD27-5C3291B2FF9F}.Debug|Any CPU.ActiveCfg = Debug|Any CPU
		{D1EDDE0B-7CBC-482E-BD27-5C3291B2FF9F}.Debug|Any CPU.Build.0 = Debug|Any CPU
	EndGlobalSection
	GlobalSection(SolutionProperties) = preSolution
		HideSolutionNode = FALSE
	EndGlobalSection
	GlobalSection(ExtensibilityGlobals) = postSolution
		SolutionGuid = {F524A53E-C161-4425-9F35-639EB218D17F}
	EndGlobalSection
EndGlobal
